
Microsoft Visual Studio Solution File, Format Version 12.00
# Visual Studio Version 17
VisualStudioVersion = 17.14.36616.10
MinimumVisualStudioVersion = 10.0.40219.1
Project("{FAE04EC0-301F-11D3-BF4B-00C04F79EFBC}") = "PickRandomCards", "PickRandomCards\PickRandomCards.csproj", "{66A1600E-C514-4508-8392-97CB77567D47}"
EndProject
Project("{FAE04EC0-301F-11D3-BF4B-00C04F79EFBC}") = "PickACardUI", "PickACardUI\PickACardUI.csproj", "{86D1A4CB-5DF6-40E6-9755-93B7FD0AF5D8}"
EndProject
Project("{FAE04EC0-301F-11D3-BF4B-00C04F79EFBC}") = "MatchGame", "MatchGame\MatchGame.csproj", "{FBCB1D80-AC31-4A45-9A08-40E6024CAA87}"
EndProject
Project("{FAE04EC0-301F-11D3-BF4B-00C04F79EFBC}") = "SwordDamage", "SwordDamage\SwordDamage.csproj", "{D8D9E041-6C1A-45E5-928C-105E8109B6DD}"
EndProject
Project("{FAE04EC0-301F-11D3-BF4B-00C04F79EFBC}") = "LINQ", "LINQ\LINQ.csproj", "{EC277471-4017-4AC1-AD76-FEA2059C52DD}"
EndProject
Project("{FAE04EC0-301F-11D3-BF4B-00C04F79EFBC}") = "WalkthroughWritingLinqQueries", "WalkthroughWritingLinqQueries\WalkthroughWritingLinqQueries.csproj", "{40F9B889-4AF3-421C-BC5E-D00D262CA343}"
EndProject
Project("{FAE04EC0-301F-11D3-BF4B-00C04F79EFBC}") = "AsyncBreakfast", "AsyncBreakfast\AsyncBreakfast.csproj", "{AB277A30-42FF-48B1-9D00-7FA01EBBB53C}"
EndProject
Project("{FAE04EC0-301F-11D3-BF4B-00C04F79EFBC}") = "EFGetStarted", "EFGetStarted\EFGetStarted.csproj", "{F52CC36B-133B-4629-94CA-817250275327}"
EndProject
Project("{FAE04EC0-301F-11D3-BF4B-00C04F79EFBC}") = "xUnitTests", "xUnitTests\xUnitTests.csproj", "{3CAFFEC6-26CD-4A3C-8BD3-4229973253C6}"
EndProject
Global
	GlobalSection(SolutionConfigurationPlatforms) = preSolution
		Debug|Any CPU = Debug|Any CPU
		Release|Any CPU = Release|Any CPU
	EndGlobalSection
	GlobalSection(ProjectConfigurationPlatforms) = postSolution
		{66A1600E-C514-4508-8392-97CB77567D47}.Debug|Any CPU.ActiveCfg = Debug|Any CPU
		{66A1600E-C514-4508-8392-97CB77567D47}.Debug|Any CPU.Build.0 = Debug|Any CPU
		{66A1600E-C514-4508-8392-97CB77567D47}.Release|Any CPU.ActiveCfg = Release|Any CPU
		{66A1600E-C514-4508-8392-97CB77567D47}.Release|Any CPU.Build.0 = Release|Any CPU
		{86D1A4CB-5DF6-40E6-9755-93B7FD0AF5D8}.Debug|Any CPU.ActiveCfg = Debug|Any CPU
		{86D1A4CB-5DF6-40E6-9755-93B7FD0AF5D8}.Debug|Any CPU.Build.0 = Debug|Any CPU
		{86D1A4CB-5DF6-40E6-9755-93B7FD0AF5D8}.Release|Any CPU.ActiveCfg = Release|Any CPU
		{86D1A4CB-5DF6-40E6-9755-93B7FD0AF5D8}.Release|Any CPU.Build.0 = Release|Any CPU
		{FBCB1D80-AC31-4A45-9A08-40E6024CAA87}.Debug|Any CPU.ActiveCfg = Debug|Any CPU
		{FBCB1D80-AC31-4A45-9A08-40E6024CAA87}.Debug|Any CPU.Build.0 = Debug|Any CPU
		{FBCB1D80-AC31-4A45-9A08-40E6024CAA87}.Release|Any CPU.ActiveCfg = Release|Any CPU
		{FBCB1D80-AC31-4A45-9A08-40E6024CAA87}.Release|Any CPU.Build.0 = Release|Any CPU
		{D8D9E041-6C1A-45E5-928C-105E8109B6DD}.Debug|Any CPU.ActiveCfg = Debug|Any CPU
		{D8D9E041-6C1A-45E5-928C-105E8109B6DD}.Debug|Any CPU.Build.0 = Debug|Any CPU
		{D8D9E041-6C1A-45E5-928C-105E8109B6DD}.Release|Any CPU.ActiveCfg = Release|Any CPU
		{D8D9E041-6C1A-45E5-928C-105E8109B6DD}.Release|Any CPU.Build.0 = Release|Any CPU
		{EC277471-4017-4AC1-AD76-FEA2059C52DD}.Debug|Any CPU.ActiveCfg = Debug|Any CPU
		{EC277471-4017-4AC1-AD76-FEA2059C52DD}.Debug|Any CPU.Build.0 = Debug|Any CPU
		{EC277471-4017-4AC1-AD76-FEA2059C52DD}.Release|Any CPU.ActiveCfg = Release|Any CPU
		{EC277471-4017-4AC1-AD76-FEA2059C52DD}.Release|Any CPU.Build.0 = Release|Any CPU
		{40F9B889-4AF3-421C-BC5E-D00D262CA343}.Debug|Any CPU.ActiveCfg = Debug|Any CPU
		{40F9B889-4AF3-421C-BC5E-D00D262CA343}.Debug|Any CPU.Build.0 = Debug|Any CPU
		{40F9B889-4AF3-421C-BC5E-D00D262CA343}.Release|Any CPU.ActiveCfg = Release|Any CPU
		{40F9B889-4AF3-421C-BC5E-D00D262CA343}.Release|Any CPU.Build.0 = Release|Any CPU
		{AB277A30-42FF-48B1-9D00-7FA01EBBB53C}.Debug|Any CPU.ActiveCfg = Debug|Any CPU
		{AB277A30-42FF-48B1-9D00-7FA01EBBB53C}.Debug|Any CPU.Build.0 = Debug|Any CPU
		{AB277A30-42FF-48B1-9D00-7FA01EBBB53C}.Release|Any CPU.ActiveCfg = Release|Any CPU
		{AB277A30-42FF-48B1-9D00-7FA01EBBB53C}.Release|Any CPU.Build.0 = Release|Any CPU
		{F52CC36B-133B-4629-94CA-817250275327}.Debug|Any CPU.ActiveCfg = Debug|Any CPU
		{F52CC36B-133B-4629-94CA-817250275327}.Debug|Any CPU.Build.0 = Debug|Any CPU
		{F52CC36B-133B-4629-94CA-817250275327}.Release|Any CPU.ActiveCfg = Release|Any CPU
		{F52CC36B-133B-4629-94CA-817250275327}.Release|Any CPU.Build.0 = Release|Any CPU
		{3CAFFEC6-26CD-4A3C-8BD3-4229973253C6}.Debug|Any CPU.ActiveCfg = Debug|Any CPU
		{3CAFFEC6-26CD-4A3C-8BD3-4229973253C6}.Debug|Any CPU.Build.0 = Debug|Any CPU
		{3CAFFEC6-26CD-4A3C-8BD3-4229973253C6}.Release|Any CPU.ActiveCfg = Release|Any CPU
		{3CAFFEC6-26CD-4A3C-8BD3-4229973253C6}.Release|Any CPU.Build.0 = Release|Any CPU
	EndGlobalSection
	GlobalSection(SolutionProperties) = preSolution
		HideSolutionNode = FALSE
	EndGlobalSection
	GlobalSection(ExtensibilityGlobals) = postSolution
		SolutionGuid = {B5534720-6D19-4C14-9F26-46DFF9C2947B}
	EndGlobalSection
EndGlobal
